
Microsoft Visual Studio Solution File, Format Version 12.00
# Visual Studio Version 16
VisualStudioVersion = 16.0.32228.343
MinimumVisualStudioVersion = 10.0.40219.1
Project("{9A19103F-16F7-4668-BE54-9A1E7A4F7556}") = "VisualCalculator", "VisualCalculator.csproj", "{B00D3B64-64A4-45D6-9345-994AB46165CD}"
EndProject
Global
	GlobalSection(SolutionConfigurationPlatforms) = preSolution
		Debug|Any CPU = Debug|Any CPU
		Release|Any CPU = Release|Any CPU
	EndGlobalSection
	GlobalSection(ProjectConfigurationPlatforms) = postSolution
		{B00D3B64-64A4-45D6-9345-994AB46165CD}.Debug|Any CPU.ActiveCfg = Debug|Any CPU
		{B00D3B64-64A4-45D6-9345-994AB46165CD}.Debug|Any CPU.Build.0 = Debug|Any CPU
		{B00D3B64-64A4-45D6-9345-994AB46165CD}.Release|Any CPU.ActiveCfg = Release|Any CPU
		{B00D3B64-64A4-45D6-9345-994AB46165CD}.Release|Any CPU.Build.0 = Release|Any CPU
	EndGlobalSection
	GlobalSection(SolutionProperties) = preSolution
		HideSolutionNode = FALSE
	EndGlobalSection
	GlobalSection(ExtensibilityGlobals) = postSolution
		SolutionGuid = {5E034FE6-5268-4CAE-AA12-2E7F12481B54}
	EndGlobalSection
EndGlobal
